
Microsoft Visual Studio Solution File, Format Version 12.00
# Visual Studio Version 16
VisualStudioVersion = 16.0.29424.173
MinimumVisualStudioVersion = 10.0.40219.1
Project("{FAE04EC0-301F-11D3-BF4B-00C04F79EFBC}") = "Temperature Converter", "Temperature Converter\Temperature Converter.csproj", "{21A27CE0-D57E-4D5E-952F-1FD44E869A1F}"
EndProject
Global
	GlobalSection(SolutionConfigurationPlatforms) = preSolution
		Debug|Any CPU = Debug|Any CPU
		Release|Any CPU = Release|Any CPU
	EndGlobalSection
	GlobalSection(ProjectConfigurationPlatforms) = postSolution
		{21A27CE0-D57E-4D5E-952F-1FD44E869A1F}.Debug|Any CPU.ActiveCfg = Debug|Any CPU
		{21A27CE0-D57E-4D5E-952F-1FD44E869A1F}.Debug|Any CPU.Build.0 = Debug|Any CPU
		{21A27CE0-D57E-4D5E-952F-1FD44E869A1F}.Release|Any CPU.ActiveCfg = Release|Any CPU
		{21A27CE0-D57E-4D5E-952F-1FD44E869A1F}.Release|Any CPU.Build.0 = Release|Any CPU
	EndGlobalSection
	GlobalSection(SolutionProperties) = preSolution
		HideSolutionNode = FALSE
	EndGlobalSection
	GlobalSection(ExtensibilityGlobals) = postSolution
		SolutionGuid = {C8F6A609-CC11-4E14-9831-CA02804C7C33}
	EndGlobalSection
EndGlobal
