
Microsoft Visual Studio Solution File, Format Version 12.00
# Visual Studio Version 16
VisualStudioVersion = 16.0.29424.173
MinimumVisualStudioVersion = 10.0.40219.1
Project("{FAE04EC0-301F-11D3-BF4B-00C04F79EFBC}") = "BootCampCSharpDay1", "BootCampCSharpDay1\BootCampCSharpDay1.csproj", "{6144996C-F701-4A24-8B47-92370658C768}"
EndProject
Global
	GlobalSection(SolutionConfigurationPlatforms) = preSolution
		Debug|Any CPU = Debug|Any CPU
		Release|Any CPU = Release|Any CPU
	EndGlobalSection
	GlobalSection(ProjectConfigurationPlatforms) = postSolution
		{6144996C-F701-4A24-8B47-92370658C768}.Debug|Any CPU.ActiveCfg = Debug|Any CPU
		{6144996C-F701-4A24-8B47-92370658C768}.Debug|Any CPU.Build.0 = Debug|Any CPU
		{6144996C-F701-4A24-8B47-92370658C768}.Release|Any CPU.ActiveCfg = Release|Any CPU
		{6144996C-F701-4A24-8B47-92370658C768}.Release|Any CPU.Build.0 = Release|Any CPU
	EndGlobalSection
	GlobalSection(SolutionProperties) = preSolution
		HideSolutionNode = FALSE
	EndGlobalSection
	GlobalSection(ExtensibilityGlobals) = postSolution
		SolutionGuid = {AC66D690-79AE-49C5-AF2D-F8B8C22AAC08}
	EndGlobalSection
EndGlobal
