
Microsoft Visual Studio Solution File, Format Version 12.00
# Visual Studio Version 16
VisualStudioVersion = 16.0.29424.173
MinimumVisualStudioVersion = 10.0.40219.1
Project("{FAE04EC0-301F-11D3-BF4B-00C04F79EFBC}") = "Ch5DiceRoller", "Ch5DiceRoller\Ch5DiceRoller.csproj", "{39D51339-7FA9-420F-B41F-DD9F4BED2BD7}"
EndProject
Global
	GlobalSection(SolutionConfigurationPlatforms) = preSolution
		Debug|Any CPU = Debug|Any CPU
		Release|Any CPU = Release|Any CPU
	EndGlobalSection
	GlobalSection(ProjectConfigurationPlatforms) = postSolution
		{39D51339-7FA9-420F-B41F-DD9F4BED2BD7}.Debug|Any CPU.ActiveCfg = Debug|Any CPU
		{39D51339-7FA9-420F-B41F-DD9F4BED2BD7}.Debug|Any CPU.Build.0 = Debug|Any CPU
		{39D51339-7FA9-420F-B41F-DD9F4BED2BD7}.Release|Any CPU.ActiveCfg = Release|Any CPU
		{39D51339-7FA9-420F-B41F-DD9F4BED2BD7}.Release|Any CPU.Build.0 = Release|Any CPU
	EndGlobalSection
	GlobalSection(SolutionProperties) = preSolution
		HideSolutionNode = FALSE
	EndGlobalSection
	GlobalSection(ExtensibilityGlobals) = postSolution
		SolutionGuid = {326DF2EC-64DF-4E59-B035-0C27EFC00537}
	EndGlobalSection
EndGlobal
